
Microsoft Visual Studio Solution File, Format Version 12.00
# Visual Studio Version 16
VisualStudioVersion = 16.0.31205.134
MinimumVisualStudioVersion = 10.0.40219.1
Project("{9A19103F-16F7-4668-BE54-9A1E7A4F7556}") = "GFT.Products.Service", "GFT.Products.Service\GFT.Products.Service.csproj", "{FED67738-730E-41AA-96F5-BDA544D7D4CB}"
EndProject
Project("{9A19103F-16F7-4668-BE54-9A1E7A4F7556}") = "GFT.RequestsTester", "GFT.RequestsTester\GFT.RequestsTester.csproj", "{A84F0F5F-2147-4485-A360-D88B19BC54F0}"
EndProject
Global
	GlobalSection(SolutionConfigurationPlatforms) = preSolution
		Debug|Any CPU = Debug|Any CPU
		Release|Any CPU = Release|Any CPU
	EndGlobalSection
	GlobalSection(ProjectConfigurationPlatforms) = postSolution
		{FED67738-730E-41AA-96F5-BDA544D7D4CB}.Debug|Any CPU.ActiveCfg = Debug|Any CPU
		{FED67738-730E-41AA-96F5-BDA544D7D4CB}.Debug|Any CPU.Build.0 = Debug|Any CPU
		{FED67738-730E-41AA-96F5-BDA544D7D4CB}.Release|Any CPU.ActiveCfg = Release|Any CPU
		{FED67738-730E-41AA-96F5-BDA544D7D4CB}.Release|Any CPU.Build.0 = Release|Any CPU
		{A84F0F5F-2147-4485-A360-D88B19BC54F0}.Debug|Any CPU.ActiveCfg = Debug|Any CPU
		{A84F0F5F-2147-4485-A360-D88B19BC54F0}.Debug|Any CPU.Build.0 = Debug|Any CPU
		{A84F0F5F-2147-4485-A360-D88B19BC54F0}.Release|Any CPU.ActiveCfg = Release|Any CPU
		{A84F0F5F-2147-4485-A360-D88B19BC54F0}.Release|Any CPU.Build.0 = Release|Any CPU
	EndGlobalSection
	GlobalSection(SolutionProperties) = preSolution
		HideSolutionNode = FALSE
	EndGlobalSection
	GlobalSection(ExtensibilityGlobals) = postSolution
		SolutionGuid = {255BB092-4E58-4468-B09E-2E79275B9125}
	EndGlobalSection
EndGlobal
